{
  "name": "CorpFortune",
  "version": "1.0.0",
  "lockfileVersion": 1,
  "requires": true,
  "dependencies": {
    "numeral": {
      "version": "2.0.6",
      "resolved": "http://home.li-hongwei.com:14397/repository/npm-all/numeral/-/numeral-2.0.6.tgz",
      "integrity": "sha1-StCAk21EPCVhrtnyGX7//iX05QY="
    }
  }
}
